// !$*UTF8*$!
{
	archiveVersion = 1;
	classes = {
	};
	objectVersion = 48;
	objects = {

/* Begin PBXBuildFile section */
		A54901E221B3255E004F1F06 /* AppDelegate.swift in Sources */ = {isa = PBXBuildFile; fileRef = A54901E121B3255E004F1F06 /* AppDelegate.swift */; };
		A54901E421B3255E004F1F06 /* ViewController.swift in Sources */ = {isa = PBXBuildFile; fileRef = A54901E321B3255E004F1F06 /* ViewController.swift */; };
		A54901E721B3255E004F1F06 /* Main.storyboard in Resources */ = {isa = PBXBuildFile; fileRef = A54901E521B3255E004F1F06 /* Main.storyboard */; };
		A54901E921B3255E004F1F06 /* Assets.xcassets in Resources */ = {isa = PBXBuildFile; fileRef = A54901E821B3255E004F1F06 /* Assets.xcassets */; };
		A54901EC21B3255E004F1F06 /* LaunchScreen.storyboard in Resources */ = {isa = PBXBuildFile; fileRef = A54901EA21B3255E004F1F06 /* LaunchScreen.storyboard */; };
		A54901F721B3255E004F1F06 /* cs2340_ios_2Tests.swift in Sources */ = {isa = PBXBuildFile; fileRef = A54901F621B3255E004F1F06 /* cs2340_ios_2Tests.swift */; };
		A549020221B329E4004F1F06 /* Pin.swift in Sources */ = {isa = PBXBuildFile; fileRef = A549020121B329E4004F1F06 /* Pin.swift */; };
/* End PBXBuildFile section */

/* Begin PBXContainerItemProxy section */
		A54901F321B3255E004F1F06 /* PBXContainerItemProxy */ = {
			isa = PBXContainerItemProxy;
			containerPortal = A54901D621B3255E004F1F06 /* Project object */;
			proxyType = 1;
			remoteGlobalIDString = A54901DD21B3255E004F1F06;
			remoteInfo = "cs2340 ios 2";
		};
/* End PBXContainerItemProxy section */

/* Begin PBXFileReference section */
		A54901DE21B3255E004F1F06 /* cs2340 ios 2.app */ = {isa = PBXFileReference; explicitFileType = wrapper.application; includeInIndex = 0; path = "cs2340 ios 2.app"; sourceTree = BUILT_PRODUCTS_DIR; };
		A54901E121B3255E004F1F06 /* AppDelegate.swift */ = {isa = PBXFileReference; lastKnownFileType = sourcecode.swift; path = AppDelegate.swift; sourceTree = "<group>"; };
		A54901E321B3255E004F1F06 /* ViewController.swift */ = {isa = PBXFileReference; lastKnownFileType = sourcecode.swift; path = ViewController.swift; sourceTree = "<group>"; };
		A54901E621B3255E004F1F06 /* Base */ = {isa = PBXFileReference; lastKnownFileType = file.storyboard; name = Base; path = Base.lproj/Main.storyboard; sourceTree = "<group>"; };
		A54901E821B3255E004F1F06 /* Assets.xcassets */ = {isa = PBXFileReference; lastKnownFileType = folder.assetcatalog; path = Assets.xcassets; sourceTree = "<group>"; };
		A54901EB21B3255E004F1F06 /* Base */ = {isa = PBXFileReference; lastKnownFileType = file.storyboard; name = Base; path = Base.lproj/LaunchScreen.storyboard; sourceTree = "<group>"; };
		A54901ED21B3255E004F1F06 /* Info.plist */ = {isa = PBXFileReference; lastKnownFileType = text.plist.xml; path = Info.plist; sourceTree = "<group>"; };
		A54901F221B3255E004F1F06 /* cs2340 ios 2Tests.xctest */ = {isa = PBXFileReference; explicitFileType = wrapper.cfbundle; includeInIndex = 0; path = "cs2340 ios 2Tests.xctest"; sourceTree = BUILT_PRODUCTS_DIR; };
		A54901F621B3255E004F1F06 /* cs2340_ios_2Tests.swift */ = {isa = PBXFileReference; lastKnownFileType = sourcecode.swift; path = cs2340_ios_2Tests.swift; sourceTree = "<group>"; };
		A54901F821B3255E004F1F06 /* Info.plist */ = {isa = PBXFileReference; lastKnownFileType = text.plist.xml; path = Info.plist; sourceTree = "<group>"; };
		A549020121B329E4004F1F06 /* Pin.swift */ = {isa = PBXFileReference; lastKnownFileType = sourcecode.swift; path = Pin.swift; sourceTree = "<group>"; };
/* End PBXFileReference section */

/* Begin PBXFrameworksBuildPhase section */
		A54901DB21B3255E004F1F06 /* Frameworks */ = {
			isa = PBXFrameworksBuildPhase;
			buildActionMask = 2147483647;
			files = (
			);
			runOnlyForDeploymentPostprocessing = 0;
		};
		A54901EF21B3255E004F1F06 /* Frameworks */ = {
			isa = PBXFrameworksBuildPhase;
			buildActionMask = 2147483647;
			files = (
			);
			runOnlyForDeploymentPostprocessing = 0;
		};
/* End PBXFrameworksBuildPhase section */

/* Begin PBXGroup section */
		A54901D521B3255E004F1F06 = {
			isa = PBXGroup;
			children = (
				A54901E021B3255E004F1F06 /* cs2340 ios 2 */,
				A54901F521B3255E004F1F06 /* cs2340 ios 2Tests */,
				A54901DF21B3255E004F1F06 /* Products */,
			);
			sourceTree = "<group>";
		};
		A54901DF21B3255E004F1F06 /* Products */ = {
			isa = PBXGroup;
			children = (
				A54901DE21B3255E004F1F06 /* cs2340 ios 2.app */,
				A54901F221B3255E004F1F06 /* cs2340 ios 2Tests.xctest */,
			);
			name = Products;
			sourceTree = "<group>";
		};
		A54901E021B3255E004F1F06 /* cs2340 ios 2 */ = {
			isa = PBXGroup;
			children = (
				A54901E121B3255E004F1F06 /* AppDelegate.swift */,
				A54901E321B3255E004F1F06 /* ViewController.swift */,
				A549020121B329E4004F1F06 /* Pin.swift */,
				A54901E521B3255E004F1F06 /* Main.storyboard */,
				A54901E821B3255E004F1F06 /* Assets.xcassets */,
				A54901EA21B3255E004F1F06 /* LaunchScreen.storyboard */,
				A54901ED21B3255E004F1F06 /* Info.plist */,
			);
			path = "cs2340 ios 2";
			sourceTree = "<group>";
		};
		A54901F521B3255E004F1F06 /* cs2340 ios 2Tests */ = {
			isa = PBXGroup;
			children = (
				A54901F621B3255E004F1F06 /* cs2340_ios_2Tests.swift */,
				A54901F821B3255E004F1F06 /* Info.plist */,
			);
			path = "cs2340 ios 2Tests";
			sourceTree = "<group>";
		};
/* End PBXGroup section */

/* Begin PBXNativeTarget section */
		A54901DD21B3255E004F1F06 /* cs2340 ios 2 */ = {
			isa = PBXNativeTarget;
			buildConfigurationList = A54901FB21B3255E004F1F06 /* Build configuration list for PBXNativeTarget "cs2340 ios 2" */;
			buildPhases = (
				A54901DA21B3255E004F1F06 /* Sources */,
				A54901DB21B3255E004F1F06 /* Frameworks */,
				A54901DC21B3255E004F1F06 /* Resources */,
			);
			buildRules = (
			);
			dependencies = (
			);
			name = "cs2340 ios 2";
			productName = "cs2340 ios 2";
			productReference = A54901DE21B3255E004F1F06 /* cs2340 ios 2.app */;
			productType = "com.apple.product-type.application";
		};
		A54901F121B3255E004F1F06 /* cs2340 ios 2Tests */ = {
			isa = PBXNativeTarget;
			buildConfigurationList = A54901FE21B3255E004F1F06 /* Build configuration list for PBXNativeTarget "cs2340 ios 2Tests" */;
			buildPhases = (
				A54901EE21B3255E004F1F06 /* Sources */,
				A54901EF21B3255E004F1F06 /* Frameworks */,
				A54901F021B3255E004F1F06 /* Resources */,
			);
			buildRules = (
			);
			dependencies = (
				A54901F421B3255E004F1F06 /* PBXTargetDependency */,
			);
			name = "cs2340 ios 2Tests";
			productName = "cs2340 ios 2Tests";
			productReference = A54901F221B3255E004F1F06 /* cs2340 ios 2Tests.xctest */;
			productType = "com.apple.product-type.bundle.unit-test";
		};
/* End PBXNativeTarget section */

/* Begin PBXProject section */
		A54901D621B3255E004F1F06 /* Project object */ = {
			isa = PBXProject;
			attributes = {
				LastSwiftUpdateCheck = 0920;
				LastUpgradeCheck = 0920;
				ORGANIZATIONNAME = "Grace Hansen";
				TargetAttributes = {
					A54901DD21B3255E004F1F06 = {
						CreatedOnToolsVersion = 9.2;
						ProvisioningStyle = Automatic;
					};
					A54901F121B3255E004F1F06 = {
						CreatedOnToolsVersion = 9.2;
						ProvisioningStyle = Automatic;
						TestTargetID = A54901DD21B3255E004F1F06;
					};
				};
			};
			buildConfigurationList = A54901D921B3255E004F1F06 /* Build configuration list for PBXProject "cs2340 ios 2" */;
			compatibilityVersion = "Xcode 8.0";
			developmentRegion = en;
			hasScannedForEncodings = 0;
			knownRegions = (
				en,
				Base,
			);
			mainGroup = A54901D521B3255E004F1F06;
			productRefGroup = A54901DF21B3255E004F1F06 /* Products */;
			projectDirPath = "";
			projectRoot = "";
			targets = (
				A54901DD21B3255E004F1F06 /* cs2340 ios 2 */,
				A54901F121B3255E004F1F06 /* cs2340 ios 2Tests */,
			);
		};
/* End PBXProject section */

/* Begin PBXResourcesBuildPhase section */
		A54901DC21B3255E004F1F06 /* Resources */ = {
			isa = PBXResourcesBuildPhase;
			buildActionMask = 2147483647;
			files = (
				A54901EC21B3255E004F1F06 /* LaunchScreen.storyboard in Resources */,
				A54901E921B3255E004F1F06 /* Assets.xcassets in Resources */,
				A54901E721B3255E004F1F06 /* Main.storyboard in Resources */,
			);
			runOnlyForDeploymentPostprocessing = 0;
		};
		A54901F021B3255E004F1F06 /* Resources */ = {
			isa = PBXResourcesBuildPhase;
			buildActionMask = 2147483647;
			files = (
			);
			runOnlyForDeploymentPostprocessing = 0;
		};
/* End PBXResourcesBuildPhase section */

/* Begin PBXSourcesBuildPhase section */
		A54901DA21B3255E004F1F06 /* Sources */ = {
			isa = PBXSourcesBuildPhase;
			buildActionMask = 2147483647;
			files = (
				A549020221B329E4004F1F06 /* Pin.swift in Sources */,
				A54901E421B3255E004F1F06 /* ViewController.swift in Sources */,
				A54901E221B3255E004F1F06 /* AppDelegate.swift in Sources */,
			);
			runOnlyForDeploymentPostprocessing = 0;
		};
		A54901EE21B3255E004F1F06 /* Sources */ = {
			isa = PBXSourcesBuildPhase;
			buildActionMask = 2147483647;
			files = (
				A54901F721B3255E004F1F06 /* cs2340_ios_2Tests.swift in Sources */,
			);
			runOnlyForDeploymentPostprocessing = 0;
		};
/* End PBXSourcesBuildPhase section */

/* Begin PBXTargetDependency section */
		A54901F421B3255E004F1F06 /* PBXTargetDependency */ = {
			isa = PBXTargetDependency;
			target = A54901DD21B3255E004F1F06 /* cs2340 ios 2 */;
			targetProxy = A54901F321B3255E004F1F06 /* PBXContainerItemProxy */;
		};
/* End PBXTargetDependency section */

/* Begin PBXVariantGroup section */
		A54901E521B3255E004F1F06 /* Main.storyboard */ = {
			isa = PBXVariantGroup;
			children = (
				A54901E621B3255E004F1F06 /* Base */,
			);
			name = Main.storyboard;
			sourceTree = "<group>";
		};
		A54901EA21B3255E004F1F06 /* LaunchScreen.storyboard */ = {
			isa = PBXVariantGroup;
			children = (
				A54901EB21B3255E004F1F06 /* Base */,
			);
			name = LaunchScreen.storyboard;
			sourceTree = "<group>";
		};
/* End PBXVariantGroup section */

/* Begin XCBuildConfiguration section */
		A54901F921B3255E004F1F06 /* Debug */ = {
			isa = XCBuildConfiguration;
			buildSettings = {
				ALWAYS_SEARCH_USER_PATHS = NO;
				CLANG_ANALYZER_NONNULL = YES;
				CLANG_ANALYZER_NUMBER_OBJECT_CONVERSION = YES_AGGRESSIVE;
				CLANG_CXX_LANGUAGE_STANDARD = "gnu++14";
				CLANG_CXX_LIBRARY = "libc++";
				CLANG_ENABLE_MODULES = YES;
				CLANG_ENABLE_OBJC_ARC = YES;
				CLANG_WARN_BLOCK_CAPTURE_AUTORELEASING = YES;
				CLANG_WARN_BOOL_CONVERSION = YES;
				CLANG_WARN_COMMA = YES;
				CLANG_WARN_CONSTANT_CONVERSION = YES;
				CLANG_WARN_DIRECT_OBJC_ISA_USAGE = YES_ERROR;
				CLANG_WARN_DOCUMENTATION_COMMENTS = YES;
				CLANG_WARN_EMPTY_BODY = YES;
				CLANG_WARN_ENUM_CONVERSION = YES;
				CLANG_WARN_INFINITE_RECURSION = YES;
				CLANG_WARN_INT_CONVERSION = YES;
				CLANG_WARN_NON_LITERAL_NULL_CONVERSION = YES;
				CLANG_WARN_OBJC_LITERAL_CONVERSION = YES;
				CLANG_WARN_OBJC_ROOT_CLASS = YES_ERROR;
				CLANG_WARN_RANGE_LOOP_ANALYSIS = YES;
				CLANG_WARN_STRICT_PROTOTYPES = YES;
				CLANG_WARN_SUSPICIOUS_MOVE = YES;
				CLANG_WARN_UNGUARDED_AVAILABILITY = YES_AGGRESSIVE;
				CLANG_WARN_UNREACHABLE_CODE = YES;
				CLANG_WARN__DUPLICATE_METHOD_MATCH = YES;
				CODE_SIGN_IDENTITY = "iPhone Developer";
				COPY_PHASE_STRIP = NO;
				DEBUG_INFORMATION_FORMAT = dwarf;
				ENABLE_STRICT_OBJC_MSGSEND = YES;
				ENABLE_TESTABILITY = YES;
				GCC_C_LANGUAGE_STANDARD = gnu11;
				GCC_DYNAMIC_NO_PIC = NO;
				GCC_NO_COMMON_BLOCKS = YES;
				GCC_OPTIMIZATION_LEVEL = 0;
				GCC_PREPROCESSOR_DEFINITIONS = (
					"DEBUG=1",
					"$(inherited)",
				);
				GCC_WARN_64_TO_32_BIT_CONVERSION = YES;
				GCC_WARN_ABOUT_RETURN_TYPE = YES_ERROR;
				GCC_WARN_UNDECLARED_SELECTOR = YES;
				GCC_WARN_UNINITIALIZED_AUTOS = YES_AGGRESSIVE;
				GCC_WARN_UNUSED_FUNCTION = YES;
				GCC_WARN_UNUSED_VARIABLE = YES;
				IPHONEOS_DEPLOYMENT_TARGET = 11.2;
				MTL_ENABLE_DEBUG_INFO = YES;
				ONLY_ACTIVE_ARCH = YES;
				SDKROOT = iphoneos;
				SWIFT_ACTIVE_COMPILATION_CONDITIONS = DEBUG;
				SWIFT_OPTIMIZATION_LEVEL = "-Onone";
			};
			name = Debug;
		};
		A54901FA21B3255E004F1F06 /* Release */ = {
			isa = XCBuildConfiguration;
			buildSettings = {
				ALWAYS_SEARCH_USER_PATHS = NO;
				CLANG_ANALYZER_NONNULL = YES;
				CLANG_ANALYZER_NUMBER_OBJECT_CONVERSION = YES_AGGRESSIVE;
				CLANG_CXX_LANGUAGE_STANDARD = "gnu++14";
				CLANG_CXX_LIBRARY = "libc++";
				CLANG_ENABLE_MODULES = YES;
				CLANG_ENABLE_OBJC_ARC = YES;
				CLANG_WARN_BLOCK_CAPTURE_AUTORELEASING = YES;
				CLANG_WARN_BOOL_CONVERSION = YES;
				CLANG_WARN_COMMA = YES;
				CLANG_WARN_CONSTANT_CONVERSION = YES;
				CLANG_WARN_DIRECT_OBJC_ISA_USAGE = YES_ERROR;
				CLANG_WARN_DOCUMENTATION_COMMENTS = YES;
				CLANG_WARN_EMPTY_BODY = YES;
				CLANG_WARN_ENUM_CONVERSION = YES;
				CLANG_WARN_INFINITE_RECURSION = YES;
				CLANG_WARN_INT_CONVERSION = YES;
				CLANG_WARN_NON_LITERAL_NULL_CONVERSION = YES;
				CLANG_WARN_OBJC_LITERAL_CONVERSION = YES;
				CLANG_WARN_OBJC_ROOT_CLASS = YES_ERROR;
				CLANG_WARN_RANGE_LOOP_ANALYSIS = YES;
				CLANG_WARN_STRICT_PROTOTYPES = YES;
				CLANG_WARN_SUSPICIOUS_MOVE = YES;
				CLANG_WARN_UNGUARDED_AVAILABILITY = YES_AGGRESSIVE;
				CLANG_WARN_UNREACHABLE_CODE = YES;
				CLANG_WARN__DUPLICATE_METHOD_MATCH = YES;
				CODE_SIGN_IDENTITY = "iPhone Developer";
				COPY_PHASE_STRIP = NO;
				DEBUG_INFORMATION_FORMAT = "dwarf-with-dsym";
				ENABLE_NS_ASSERTIONS = NO;
				ENABLE_STRICT_OBJC_MSGSEND = YES;
				GCC_C_LANGUAGE_STANDARD = gnu11;
				GCC_NO_COMMON_BLOCKS = YES;
				GCC_WARN_64_TO_32_BIT_CONVERSION = YES;
				GCC_WARN_ABOUT_RETURN_TYPE = YES_ERROR;
				GCC_WARN_UNDECLARED_SELECTOR = YES;
				GCC_WARN_UNINITIALIZED_AUTOS = YES_AGGRESSIVE;
				GCC_WARN_UNUSED_FUNCTION = YES;
				GCC_WARN_UNUSED_VARIABLE = YES;
				IPHONEOS_DEPLOYMENT_TARGET = 11.2;
				MTL_ENABLE_DEBUG_INFO = NO;
				SDKROOT = iphoneos;
				SWIFT_OPTIMIZATION_LEVEL = "-Owholemodule";
				VALIDATE_PRODUCT = YES;
			};
			name = Release;
		};
		A54901FC21B3255E004F1F06 /* Debug */ = {
			isa = XCBuildConfiguration;
			buildSettings = {
				ASSETCATALOG_COMPILER_APPICON_NAME = AppIcon;
				CODE_SIGN_STYLE = Automatic;
				DEVELOPMENT_TEAM = "";
				INFOPLIST_FILE = "cs2340 ios 2/Info.plist";
				LD_RUNPATH_SEARCH_PATHS = "$(inherited) @executable_path/Frameworks";
				PRODUCT_BUNDLE_IDENTIFIER = "ghansen.cs2340-ios-2";
				PRODUCT_NAME = "$(TARGET_NAME)";
				SWIFT_VERSION = 4.0;
				TARGETED_DEVICE_FAMILY = "1,2";
			};
			name = Debug;
		};
		A54901FD21B3255E004F1F06 /* Release */ = {
			isa = XCBuildConfiguration;
			buildSettings = {
				ASSETCATALOG_COMPILER_APPICON_NAME = AppIcon;
				CODE_SIGN_STYLE = Automatic;
				DEVELOPMENT_TEAM = "";
				INFOPLIST_FILE = "cs2340 ios 2/Info.plist";
				LD_RUNPATH_SEARCH_PATHS = "$(inherited) @executable_path/Frameworks";
				PRODUCT_BUNDLE_IDENTIFIER = "ghansen.cs2340-ios-2";
				PRODUCT_NAME = "$(TARGET_NAME)";
				SWIFT_VERSION = 4.0;
				TARGETED_DEVICE_FAMILY = "1,2";
			};
			name = Release;
		};
		A54901FF21B3255E004F1F06 /* Debug */ = {
			isa = XCBuildConfiguration;
			buildSettings = {
				ALWAYS_EMBED_SWIFT_STANDARD_LIBRARIES = YES;
				BUNDLE_LOADER = "$(TEST_HOST)";
				CODE_SIGN_STYLE = Automatic;
				INFOPLIST_FILE = "cs2340 ios 2Tests/Info.plist";
				LD_RUNPATH_SEARCH_PATHS = "$(inherited) @executable_path/Frameworks @loader_path/Frameworks";
				PRODUCT_BUNDLE_IDENTIFIER = "ghansen.cs2340-ios-2Tests";
				PRODUCT_NAME = "$(TARGET_NAME)";
				SWIFT_VERSION = 4.0;
				TARGETED_DEVICE_FAMILY = "1,2";
				TEST_HOST = "$(BUILT_PRODUCTS_DIR)/cs2340 ios 2.app/cs2340 ios 2";
			};
			name = Debug;
		};
		A549020021B3255E004F1F06 /* Release */ = {
			isa = XCBuildConfiguration;
			buildSettings = {
				ALWAYS_EMBED_SWIFT_STANDARD_LIBRARIES = YES;
				BUNDLE_LOADER = "$(TEST_HOST)";
				CODE_SIGN_STYLE = Automatic;
				INFOPLIST_FILE = "cs2340 ios 2Tests/Info.plist";
				LD_RUNPATH_SEARCH_PATHS = "$(inherited) @executable_path/Frameworks @loader_path/Frameworks";
				PRODUCT_BUNDLE_IDENTIFIER = "ghansen.cs2340-ios-2Tests";
				PRODUCT_NAME = "$(TARGET_NAME)";
				SWIFT_VERSION = 4.0;
				TARGETED_DEVICE_FAMILY = "1,2";
				TEST_HOST = "$(BUILT_PRODUCTS_DIR)/cs2340 ios 2.app/cs2340 ios 2";
			};
			name = Release;
		};
/* End XCBuildConfiguration section */

/* Begin XCConfigurationList section */
		A54901D921B3255E004F1F06 /* Build configuration list for PBXProject "cs2340 ios 2" */ = {
			isa = XCConfigurationList;
			buildConfigurations = (
				A54901F921B3255E004F1F06 /* Debug */,
				A54901FA21B3255E004F1F06 /* Release */,
			);
			defaultConfigurationIsVisible = 0;
			defaultConfigurationName = Release;
		};
		A54901FB21B3255E004F1F06 /* Build configuration list for PBXNativeTarget "cs2340 ios 2" */ = {
			isa = XCConfigurationList;
			buildConfigurations = (
				A54901FC21B3255E004F1F06 /* Debug */,
				A54901FD21B3255E004F1F06 /* Release */,
			);
			defaultConfigurationIsVisible = 0;
			defaultConfigurationName = Release;
		};
		A54901FE21B3255E004F1F06 /* Build configuration list for PBXNativeTarget "cs2340 ios 2Tests" */ = {
			isa = XCConfigurationList;
			buildConfigurations = (
				A54901FF21B3255E004F1F06 /* Debug */,
				A549020021B3255E004F1F06 /* Release */,
			);
			defaultConfigurationIsVisible = 0;
			defaultConfigurationName = Release;
		};
/* End XCConfigurationList section */
	};
	rootObject = A54901D621B3255E004F1F06 /* Project object */;
}
